version = 1
revision = 1
requires-python = ">=3.9"

[[package]]
name = "cmudict"
version = "1.1.3"
source = { registry = "https://pypi.org/simple" }
dependencies = [
    { name = "importlib-metadata" },
    { name = "importlib-resources" },
]
sdist = { url = "https://files.pythonhosted.org/packages/d2/f3/b018f2f31ef7d15956fb343cd48dbb091ffe9e4f5132722f428fc665aa50/cmudict-1.1.3.tar.gz", hash = "sha256:f6c1cb9a2ffecef387bf1a1b93be6c61c91bc6f41714f183c3eb4d5b3e1ff5f6", size = 935743 }
wheels = [
    { url = "https://files.pythonhosted.org/packages/fe/1c/580ae2d5b3eef081305b4b8bd89f7e7945c4d6351c10069ecd2590da1310/cmudict-1.1.3-py3-none-any.whl", hash = "sha256:e4d421341bf9fa774bcded8e7d6c5d73a1bf8f88edbe129207713850abac4995", size = 939711 },
]

[[package]]
name = "importlib-metadata"
version = "6.11.0"
source = { registry = "https://pypi.org/simple" }
dependencies = [
    { name = "zipp" },
]
sdist = { url = "https://files.pythonhosted.org/packages/ee/eb/58c2ab27ee628ad801f56d4017fe62afab0293116f6d0b08f1d5bd46e06f/importlib_metadata-6.11.0.tar.gz", hash = "sha256:1231cf92d825c9e03cfc4da076a16de6422c863558229ea0b22b675657463443", size = 54593 }
wheels = [
    { url = "https://files.pythonhosted.org/packages/59/9b/ecce94952ab5ea74c31dcf9ccf78ccd484eebebef06019bf8cb579ab4519/importlib_metadata-6.11.0-py3-none-any.whl", hash = "sha256:f0afba6205ad8f8947c7d338b5342d5db2afbfd82f9cbef7879a9539cc12eb9b", size = 23427 },
]

[[package]]
name = "importlib-resources"
version = "6.5.2"
source = { registry = "https://pypi.org/simple" }
dependencies = [
    { name = "zipp", marker = "python_full_version < '3.10'" },
]
sdist = { url = "https://files.pythonhosted.org/packages/cf/8c/f834fbf984f691b4f7ff60f50b514cc3de5cc08abfc3295564dd89c5e2e7/importlib_resources-6.5.2.tar.gz", hash = "sha256:185f87adef5bcc288449d98fb4fba07cea78bc036455dd44c5fc4a2fe78fed2c", size = 44693 }
wheels = [
    { url = "https://files.pythonhosted.org/packages/a4/ed/1f1afb2e9e7f38a545d628f864d562a5ae64fe6f7a10e28ffb9b185b4e89/importlib_resources-6.5.2-py3-none-any.whl", hash = "sha256:789cfdc3ed28c78b67a06acb8126751ced69a3d5f79c095a98298cd8a760ccec", size = 37461 },
]

[[package]]
name = "syllables"
version = "1.1.5"
source = { registry = "https://pypi.org/simple" }
dependencies = [
    { name = "cmudict" },
    { name = "importlib-metadata" },
]
sdist = { url = "https://files.pythonhosted.org/packages/6b/0d/7fd9dd192625d83483ce7ce2a9ab7663346963ce470b28ae7230e4bb524d/syllables-1.1.5.tar.gz", hash = "sha256:aadc7fe3d9853cc40c225af399613e23e51f6c38de7907615391c0de426bc54f", size = 14885 }
wheels = [
    { url = "https://files.pythonhosted.org/packages/6f/c4/b008d3c803d6494fda384b3e239bccc09850bd4f36c0b37d6de32e90f12f/syllables-1.1.5-py3-none-any.whl", hash = "sha256:16cc6650de989d99428c64e2ea34754b481d7a01e163d541aed0c3872c613cf7", size = 15453 },
]

[[package]]
name = "syllarust"
version = "0.2.1"
source = { editable = "." }
dependencies = [
    { name = "syllables" },
]

[package.metadata]
requires-dist = [{ name = "syllables", specifier = "==1.1.5" }]

[[package]]
name = "zipp"
version = "3.23.0"
source = { registry = "https://pypi.org/simple" }
sdist = { url = "https://files.pythonhosted.org/packages/e3/02/0f2892c661036d50ede074e376733dca2ae7c6eb617489437771209d4180/zipp-3.23.0.tar.gz", hash = "sha256:a07157588a12518c9d4034df3fbbee09c814741a33ff63c05fa29d26a2404166", size = 25547 }
wheels = [
    { url = "https://files.pythonhosted.org/packages/2e/54/647ade08bf0db230bfea292f893923872fd20be6ac6f53b2b936ba839d75/zipp-3.23.0-py3-none-any.whl", hash = "sha256:071652d6115ed432f5ce1d34c336c0adfd6a884660d1e9712a256d3d3bd4b14e", size = 10276 },
]
